
Microsoft Visual Studio Solution File, Format Version 12.00
# Visual Studio Version 17
VisualStudioVersion = 17.8.34309.116
MinimumVisualStudioVersion = 10.0.40219.1
Project("{FAE04EC0-301F-11D3-BF4B-00C04F79EFBC}") = "csharp-exercise-typeset2", "csharp-exercise-typeset2\csharp-exercise-typeset2.csproj", "{55B9BC1B-EAD3-45E4-8079-4FD6D2FBE66B}"
EndProject
Global
	GlobalSection(SolutionConfigurationPlatforms) = preSolution
		Debug|Any CPU = Debug|Any CPU
		Release|Any CPU = Release|Any CPU
	EndGlobalSection
	GlobalSection(ProjectConfigurationPlatforms) = postSolution
		{55B9BC1B-EAD3-45E4-8079-4FD6D2FBE66B}.Debug|Any CPU.ActiveCfg = Debug|Any CPU
		{55B9BC1B-EAD3-45E4-8079-4FD6D2FBE66B}.Debug|Any CPU.Build.0 = Debug|Any CPU
		{55B9BC1B-EAD3-45E4-8079-4FD6D2FBE66B}.Release|Any CPU.ActiveCfg = Release|Any CPU
		{55B9BC1B-EAD3-45E4-8079-4FD6D2FBE66B}.Release|Any CPU.Build.0 = Release|Any CPU
	EndGlobalSection
	GlobalSection(SolutionProperties) = preSolution
		HideSolutionNode = FALSE
	EndGlobalSection
	GlobalSection(ExtensibilityGlobals) = postSolution
		SolutionGuid = {3E6DFA8E-8B40-44E3-ADD1-374CFA16521D}
	EndGlobalSection
EndGlobal
